// !$*UTF8*$!
{
	archiveVersion = 1;
	classes = {
	};
	objectVersion = 50;
	objects = {

/* Begin PBXBuildFile section */
		CE330483251AA4A200B19888 /* CardViewController.swift in Sources */ = {isa = PBXBuildFile; fileRef = CE330482251AA4A200B19888 /* CardViewController.swift */; };
		CE7CC376251A87D300D2DADF /* AppDelegate.swift in Sources */ = {isa = PBXBuildFile; fileRef = CE7CC375251A87D300D2DADF /* AppDelegate.swift */; };
		CE7CC378251A87D300D2DADF /* SceneDelegate.swift in Sources */ = {isa = PBXBuildFile; fileRef = CE7CC377251A87D300D2DADF /* SceneDelegate.swift */; };
		CE7CC37D251A87D300D2DADF /* Main.storyboard in Resources */ = {isa = PBXBuildFile; fileRef = CE7CC37B251A87D300D2DADF /* Main.storyboard */; };
		CE7CC37F251A87D300D2DADF /* Assets.xcassets in Resources */ = {isa = PBXBuildFile; fileRef = CE7CC37E251A87D300D2DADF /* Assets.xcassets */; };
		CE7CC382251A87D300D2DADF /* LaunchScreen.storyboard in Resources */ = {isa = PBXBuildFile; fileRef = CE7CC380251A87D300D2DADF /* LaunchScreen.storyboard */; };
		CE7CC393251A8A8100D2DADF /* Card.swift in Sources */ = {isa = PBXBuildFile; fileRef = CE7CC392251A8A8100D2DADF /* Card.swift */; };
		CE7CC396251A8AC100D2DADF /* CardController.swift in Sources */ = {isa = PBXBuildFile; fileRef = CE7CC395251A8AC100D2DADF /* CardController.swift */; };
		CE7CC399251A8B2100D2DADF /* CardError.swift in Sources */ = {isa = PBXBuildFile; fileRef = CE7CC398251A8B2100D2DADF /* CardError.swift */; };
		CE7CC3A1251A95E000D2DADF /* UIViewControllerExtension.swift in Sources */ = {isa = PBXBuildFile; fileRef = CE7CC3A0251A95E000D2DADF /* UIViewControllerExtension.swift */; };
/* End PBXBuildFile section */

/* Begin PBXFileReference section */
		CE330482251AA4A200B19888 /* CardViewController.swift */ = {isa = PBXFileReference; lastKnownFileType = sourcecode.swift; path = CardViewController.swift; sourceTree = "<group>"; };
		CE7CC372251A87D300D2DADF /* DeckOfOneCard.app */ = {isa = PBXFileReference; explicitFileType = wrapper.application; includeInIndex = 0; path = DeckOfOneCard.app; sourceTree = BUILT_PRODUCTS_DIR; };
		CE7CC375251A87D300D2DADF /* AppDelegate.swift */ = {isa = PBXFileReference; lastKnownFileType = sourcecode.swift; path = AppDelegate.swift; sourceTree = "<group>"; };
		CE7CC377251A87D300D2DADF /* SceneDelegate.swift */ = {isa = PBXFileReference; lastKnownFileType = sourcecode.swift; path = SceneDelegate.swift; sourceTree = "<group>"; };
		CE7CC37C251A87D300D2DADF /* Base */ = {isa = PBXFileReference; lastKnownFileType = file.storyboard; name = Base; path = Base.lproj/Main.storyboard; sourceTree = "<group>"; };
		CE7CC37E251A87D300D2DADF /* Assets.xcassets */ = {isa = PBXFileReference; lastKnownFileType = folder.assetcatalog; path = Assets.xcassets; sourceTree = "<group>"; };
		CE7CC381251A87D300D2DADF /* Base */ = {isa = PBXFileReference; lastKnownFileType = file.storyboard; name = Base; path = Base.lproj/LaunchScreen.storyboard; sourceTree = "<group>"; };
		CE7CC383251A87D300D2DADF /* Info.plist */ = {isa = PBXFileReference; lastKnownFileType = text.plist.xml; path = Info.plist; sourceTree = "<group>"; };
		CE7CC392251A8A8100D2DADF /* Card.swift */ = {isa = PBXFileReference; lastKnownFileType = sourcecode.swift; path = Card.swift; sourceTree = "<group>"; };
		CE7CC395251A8AC100D2DADF /* CardController.swift */ = {isa = PBXFileReference; lastKnownFileType = sourcecode.swift; path = CardController.swift; sourceTree = "<group>"; };
		CE7CC398251A8B2100D2DADF /* CardError.swift */ = {isa = PBXFileReference; lastKnownFileType = sourcecode.swift; path = CardError.swift; sourceTree = "<group>"; };
		CE7CC3A0251A95E000D2DADF /* UIViewControllerExtension.swift */ = {isa = PBXFileReference; lastKnownFileType = sourcecode.swift; path = UIViewControllerExtension.swift; sourceTree = "<group>"; };
/* End PBXFileReference section */

/* Begin PBXFrameworksBuildPhase section */
		CE7CC36F251A87D300D2DADF /* Frameworks */ = {
			isa = PBXFrameworksBuildPhase;
			buildActionMask = 2147483647;
			files = (
			);
			runOnlyForDeploymentPostprocessing = 0;
		};
/* End PBXFrameworksBuildPhase section */

/* Begin PBXGroup section */
		CE7CC369251A87D300D2DADF = {
			isa = PBXGroup;
			children = (
				CE7CC374251A87D300D2DADF /* DeckOfOneCard */,
				CE7CC373251A87D300D2DADF /* Products */,
			);
			sourceTree = "<group>";
		};
		CE7CC373251A87D300D2DADF /* Products */ = {
			isa = PBXGroup;
			children = (
				CE7CC372251A87D300D2DADF /* DeckOfOneCard.app */,
			);
			name = Products;
			sourceTree = "<group>";
		};
		CE7CC374251A87D300D2DADF /* DeckOfOneCard */ = {
			isa = PBXGroup;
			children = (
				CE7CC390251A880500D2DADF /* Helpers */,
				CE7CC38D251A87F200D2DADF /* Controllers */,
				CE7CC38C251A87E700D2DADF /* Models */,
				CE7CC38A251A87E100D2DADF /* Resources */,
				CE7CC37B251A87D300D2DADF /* Main.storyboard */,
			);
			path = DeckOfOneCard;
			sourceTree = "<group>";
		};
		CE7CC38A251A87E100D2DADF /* Resources */ = {
			isa = PBXGroup;
			children = (
				CE7CC375251A87D300D2DADF /* AppDelegate.swift */,
				CE7CC377251A87D300D2DADF /* SceneDelegate.swift */,
				CE7CC37E251A87D300D2DADF /* Assets.xcassets */,
				CE7CC380251A87D300D2DADF /* LaunchScreen.storyboard */,
				CE7CC383251A87D300D2DADF /* Info.plist */,
			);
			path = Resources;
			sourceTree = "<group>";
		};
		CE7CC38C251A87E700D2DADF /* Models */ = {
			isa = PBXGroup;
			children = (
				CE7CC392251A8A8100D2DADF /* Card.swift */,
			);
			path = Models;
			sourceTree = "<group>";
		};
		CE7CC38D251A87F200D2DADF /* Controllers */ = {
			isa = PBXGroup;
			children = (
				CE7CC38F251A87FF00D2DADF /* Model Controllers */,
				CE7CC38E251A87FB00D2DADF /* View Controllers */,
			);
			path = Controllers;
			sourceTree = "<group>";
		};
		CE7CC38E251A87FB00D2DADF /* View Controllers */ = {
			isa = PBXGroup;
			children = (
				CE330482251AA4A200B19888 /* CardViewController.swift */,
			);
			path = "View Controllers";
			sourceTree = "<group>";
		};
		CE7CC38F251A87FF00D2DADF /* Model Controllers */ = {
			isa = PBXGroup;
			children = (
				CE7CC395251A8AC100D2DADF /* CardController.swift */,
			);
			path = "Model Controllers";
			sourceTree = "<group>";
		};
		CE7CC390251A880500D2DADF /* Helpers */ = {
			isa = PBXGroup;
			children = (
				CE7CC398251A8B2100D2DADF /* CardError.swift */,
				CE7CC3A0251A95E000D2DADF /* UIViewControllerExtension.swift */,
			);
			path = Helpers;
			sourceTree = "<group>";
		};
/* End PBXGroup section */

/* Begin PBXNativeTarget section */
		CE7CC371251A87D300D2DADF /* DeckOfOneCard */ = {
			isa = PBXNativeTarget;
			buildConfigurationList = CE7CC386251A87D300D2DADF /* Build configuration list for PBXNativeTarget "DeckOfOneCard" */;
			buildPhases = (
				CE7CC36E251A87D300D2DADF /* Sources */,
				CE7CC36F251A87D300D2DADF /* Frameworks */,
				CE7CC370251A87D300D2DADF /* Resources */,
			);
			buildRules = (
			);
			dependencies = (
			);
			name = DeckOfOneCard;
			productName = DeckOfOneCard;
			productReference = CE7CC372251A87D300D2DADF /* DeckOfOneCard.app */;
			productType = "com.apple.product-type.application";
		};
/* End PBXNativeTarget section */

/* Begin PBXProject section */
		CE7CC36A251A87D300D2DADF /* Project object */ = {
			isa = PBXProject;
			attributes = {
				LastSwiftUpdateCheck = 1200;
				LastUpgradeCheck = 1200;
				TargetAttributes = {
					CE7CC371251A87D300D2DADF = {
						CreatedOnToolsVersion = 12.0;
					};
				};
			};
			buildConfigurationList = CE7CC36D251A87D300D2DADF /* Build configuration list for PBXProject "DeckOfOneCard" */;
			compatibilityVersion = "Xcode 9.3";
			developmentRegion = en;
			hasScannedForEncodings = 0;
			knownRegions = (
				en,
				Base,
			);
			mainGroup = CE7CC369251A87D300D2DADF;
			productRefGroup = CE7CC373251A87D300D2DADF /* Products */;
			projectDirPath = "";
			projectRoot = "";
			targets = (
				CE7CC371251A87D300D2DADF /* DeckOfOneCard */,
			);
		};
/* End PBXProject section */

/* Begin PBXResourcesBuildPhase section */
		CE7CC370251A87D300D2DADF /* Resources */ = {
			isa = PBXResourcesBuildPhase;
			buildActionMask = 2147483647;
			files = (
				CE7CC382251A87D300D2DADF /* LaunchScreen.storyboard in Resources */,
				CE7CC37F251A87D300D2DADF /* Assets.xcassets in Resources */,
				CE7CC37D251A87D300D2DADF /* Main.storyboard in Resources */,
			);
			runOnlyForDeploymentPostprocessing = 0;
		};
/* End PBXResourcesBuildPhase section */

/* Begin PBXSourcesBuildPhase section */
		CE7CC36E251A87D300D2DADF /* Sources */ = {
			isa = PBXSourcesBuildPhase;
			buildActionMask = 2147483647;
			files = (
				CE7CC376251A87D300D2DADF /* AppDelegate.swift in Sources */,
				CE330483251AA4A200B19888 /* CardViewController.swift in Sources */,
				CE7CC396251A8AC100D2DADF /* CardController.swift in Sources */,
				CE7CC3A1251A95E000D2DADF /* UIViewControllerExtension.swift in Sources */,
				CE7CC393251A8A8100D2DADF /* Card.swift in Sources */,
				CE7CC399251A8B2100D2DADF /* CardError.swift in Sources */,
				CE7CC378251A87D300D2DADF /* SceneDelegate.swift in Sources */,
			);
			runOnlyForDeploymentPostprocessing = 0;
		};
/* End PBXSourcesBuildPhase section */

/* Begin PBXVariantGroup section */
		CE7CC37B251A87D300D2DADF /* Main.storyboard */ = {
			isa = PBXVariantGroup;
			children = (
				CE7CC37C251A87D300D2DADF /* Base */,
			);
			name = Main.storyboard;
			sourceTree = "<group>";
		};
		CE7CC380251A87D300D2DADF /* LaunchScreen.storyboard */ = {
			isa = PBXVariantGroup;
			children = (
				CE7CC381251A87D300D2DADF /* Base */,
			);
			name = LaunchScreen.storyboard;
			sourceTree = "<group>";
		};
/* End PBXVariantGroup section */

/* Begin XCBuildConfiguration section */
		CE7CC384251A87D300D2DADF /* Debug */ = {
			isa = XCBuildConfiguration;
			buildSettings = {
				ALWAYS_SEARCH_USER_PATHS = NO;
				CLANG_ANALYZER_NONNULL = YES;
				CLANG_ANALYZER_NUMBER_OBJECT_CONVERSION = YES_AGGRESSIVE;
				CLANG_CXX_LANGUAGE_STANDARD = "gnu++14";
				CLANG_CXX_LIBRARY = "libc++";
				CLANG_ENABLE_MODULES = YES;
				CLANG_ENABLE_OBJC_ARC = YES;
				CLANG_ENABLE_OBJC_WEAK = YES;
				CLANG_WARN_BLOCK_CAPTURE_AUTORELEASING = YES;
				CLANG_WARN_BOOL_CONVERSION = YES;
				CLANG_WARN_COMMA = YES;
				CLANG_WARN_CONSTANT_CONVERSION = YES;
				CLANG_WARN_DEPRECATED_OBJC_IMPLEMENTATIONS = YES;
				CLANG_WARN_DIRECT_OBJC_ISA_USAGE = YES_ERROR;
				CLANG_WARN_DOCUMENTATION_COMMENTS = YES;
				CLANG_WARN_EMPTY_BODY = YES;
				CLANG_WARN_ENUM_CONVERSION = YES;
				CLANG_WARN_INFINITE_RECURSION = YES;
				CLANG_WARN_INT_CONVERSION = YES;
				CLANG_WARN_NON_LITERAL_NULL_CONVERSION = YES;
				CLANG_WARN_OBJC_IMPLICIT_RETAIN_SELF = YES;
				CLANG_WARN_OBJC_LITERAL_CONVERSION = YES;
				CLANG_WARN_OBJC_ROOT_CLASS = YES_ERROR;
				CLANG_WARN_QUOTED_INCLUDE_IN_FRAMEWORK_HEADER = YES;
				CLANG_WARN_RANGE_LOOP_ANALYSIS = YES;
				CLANG_WARN_STRICT_PROTOTYPES = YES;
				CLANG_WARN_SUSPICIOUS_MOVE = YES;
				CLANG_WARN_UNGUARDED_AVAILABILITY = YES_AGGRESSIVE;
				CLANG_WARN_UNREACHABLE_CODE = YES;
				CLANG_WARN__DUPLICATE_METHOD_MATCH = YES;
				COPY_PHASE_STRIP = NO;
				DEBUG_INFORMATION_FORMAT = dwarf;
				ENABLE_STRICT_OBJC_MSGSEND = YES;
				ENABLE_TESTABILITY = YES;
				GCC_C_LANGUAGE_STANDARD = gnu11;
				GCC_DYNAMIC_NO_PIC = NO;
				GCC_NO_COMMON_BLOCKS = YES;
				GCC_OPTIMIZATION_LEVEL = 0;
				GCC_PREPROCESSOR_DEFINITIONS = (
					"DEBUG=1",
					"$(inherited)",
				);
				GCC_WARN_64_TO_32_BIT_CONVERSION = YES;
				GCC_WARN_ABOUT_RETURN_TYPE = YES_ERROR;
				GCC_WARN_UNDECLARED_SELECTOR = YES;
				GCC_WARN_UNINITIALIZED_AUTOS = YES_AGGRESSIVE;
				GCC_WARN_UNUSED_FUNCTION = YES;
				GCC_WARN_UNUSED_VARIABLE = YES;
				IPHONEOS_DEPLOYMENT_TARGET = 14.0;
				MTL_ENABLE_DEBUG_INFO = INCLUDE_SOURCE;
				MTL_FAST_MATH = YES;
				ONLY_ACTIVE_ARCH = YES;
				SDKROOT = iphoneos;
				SWIFT_ACTIVE_COMPILATION_CONDITIONS = DEBUG;
				SWIFT_OPTIMIZATION_LEVEL = "-Onone";
			};
			name = Debug;
		};
		CE7CC385251A87D300D2DADF /* Release */ = {
			isa = XCBuildConfiguration;
			buildSettings = {
				ALWAYS_SEARCH_USER_PATHS = NO;
				CLANG_ANALYZER_NONNULL = YES;
				CLANG_ANALYZER_NUMBER_OBJECT_CONVERSION = YES_AGGRESSIVE;
				CLANG_CXX_LANGUAGE_STANDARD = "gnu++14";
				CLANG_CXX_LIBRARY = "libc++";
				CLANG_ENABLE_MODULES = YES;
				CLANG_ENABLE_OBJC_ARC = YES;
				CLANG_ENABLE_OBJC_WEAK = YES;
				CLANG_WARN_BLOCK_CAPTURE_AUTORELEASING = YES;
				CLANG_WARN_BOOL_CONVERSION = YES;
				CLANG_WARN_COMMA = YES;
				CLANG_WARN_CONSTANT_CONVERSION = YES;
				CLANG_WARN_DEPRECATED_OBJC_IMPLEMENTATIONS = YES;
				CLANG_WARN_DIRECT_OBJC_ISA_USAGE = YES_ERROR;
				CLANG_WARN_DOCUMENTATION_COMMENTS = YES;
				CLANG_WARN_EMPTY_BODY = YES;
				CLANG_WARN_ENUM_CONVERSION = YES;
				CLANG_WARN_INFINITE_RECURSION = YES;
				CLANG_WARN_INT_CONVERSION = YES;
				CLANG_WARN_NON_LITERAL_NULL_CONVERSION = YES;
				CLANG_WARN_OBJC_IMPLICIT_RETAIN_SELF = YES;
				CLANG_WARN_OBJC_LITERAL_CONVERSION = YES;
				CLANG_WARN_OBJC_ROOT_CLASS = YES_ERROR;
				CLANG_WARN_QUOTED_INCLUDE_IN_FRAMEWORK_HEADER = YES;
				CLANG_WARN_RANGE_LOOP_ANALYSIS = YES;
				CLANG_WARN_STRICT_PROTOTYPES = YES;
				CLANG_WARN_SUSPICIOUS_MOVE = YES;
				CLANG_WARN_UNGUARDED_AVAILABILITY = YES_AGGRESSIVE;
				CLANG_WARN_UNREACHABLE_CODE = YES;
				CLANG_WARN__DUPLICATE_METHOD_MATCH = YES;
				COPY_PHASE_STRIP = NO;
				DEBUG_INFORMATION_FORMAT = "dwarf-with-dsym";
				ENABLE_NS_ASSERTIONS = NO;
				ENABLE_STRICT_OBJC_MSGSEND = YES;
				GCC_C_LANGUAGE_STANDARD = gnu11;
				GCC_NO_COMMON_BLOCKS = YES;
				GCC_WARN_64_TO_32_BIT_CONVERSION = YES;
				GCC_WARN_ABOUT_RETURN_TYPE = YES_ERROR;
				GCC_WARN_UNDECLARED_SELECTOR = YES;
				GCC_WARN_UNINITIALIZED_AUTOS = YES_AGGRESSIVE;
				GCC_WARN_UNUSED_FUNCTION = YES;
				GCC_WARN_UNUSED_VARIABLE = YES;
				IPHONEOS_DEPLOYMENT_TARGET = 14.0;
				MTL_ENABLE_DEBUG_INFO = NO;
				MTL_FAST_MATH = YES;
				SDKROOT = iphoneos;
				SWIFT_COMPILATION_MODE = wholemodule;
				SWIFT_OPTIMIZATION_LEVEL = "-O";
				VALIDATE_PRODUCT = YES;
			};
			name = Release;
		};
		CE7CC387251A87D300D2DADF /* Debug */ = {
			isa = XCBuildConfiguration;
			buildSettings = {
				ASSETCATALOG_COMPILER_APPICON_NAME = AppIcon;
				ASSETCATALOG_COMPILER_GLOBAL_ACCENT_COLOR_NAME = AccentColor;
				CODE_SIGN_STYLE = Automatic;
				DEVELOPMENT_TEAM = A6Z79X946M;
				INFOPLIST_FILE = DeckOfOneCard/Resources/Info.plist;
				LD_RUNPATH_SEARCH_PATHS = (
					"$(inherited)",
					"@executable_path/Frameworks",
				);
				PRODUCT_BUNDLE_IDENTIFIER = com.bernstudios.DeckOfOneCard;
				PRODUCT_NAME = "$(TARGET_NAME)";
				SWIFT_VERSION = 5.0;
				TARGETED_DEVICE_FAMILY = "1,2";
			};
			name = Debug;
		};
		CE7CC388251A87D300D2DADF /* Release */ = {
			isa = XCBuildConfiguration;
			buildSettings = {
				ASSETCATALOG_COMPILER_APPICON_NAME = AppIcon;
				ASSETCATALOG_COMPILER_GLOBAL_ACCENT_COLOR_NAME = AccentColor;
				CODE_SIGN_STYLE = Automatic;
				DEVELOPMENT_TEAM = A6Z79X946M;
				INFOPLIST_FILE = DeckOfOneCard/Resources/Info.plist;
				LD_RUNPATH_SEARCH_PATHS = (
					"$(inherited)",
					"@executable_path/Frameworks",
				);
				PRODUCT_BUNDLE_IDENTIFIER = com.bernstudios.DeckOfOneCard;
				PRODUCT_NAME = "$(TARGET_NAME)";
				SWIFT_VERSION = 5.0;
				TARGETED_DEVICE_FAMILY = "1,2";
			};
			name = Release;
		};
/* End XCBuildConfiguration section */

/* Begin XCConfigurationList section */
		CE7CC36D251A87D300D2DADF /* Build configuration list for PBXProject "DeckOfOneCard" */ = {
			isa = XCConfigurationList;
			buildConfigurations = (
				CE7CC384251A87D300D2DADF /* Debug */,
				CE7CC385251A87D300D2DADF /* Release */,
			);
			defaultConfigurationIsVisible = 0;
			defaultConfigurationName = Release;
		};
		CE7CC386251A87D300D2DADF /* Build configuration list for PBXNativeTarget "DeckOfOneCard" */ = {
			isa = XCConfigurationList;
			buildConfigurations = (
				CE7CC387251A87D300D2DADF /* Debug */,
				CE7CC388251A87D300D2DADF /* Release */,
			);
			defaultConfigurationIsVisible = 0;
			defaultConfigurationName = Release;
		};
/* End XCConfigurationList section */
	};
	rootObject = CE7CC36A251A87D300D2DADF /* Project object */;
}
